
Microsoft Visual Studio Solution File, Format Version 12.00
# Visual Studio Version 16
VisualStudioVersion = 16.0.29728.190
MinimumVisualStudioVersion = 10.0.40219.1
Project("{8BC9CEB8-8B4A-11D0-8D11-00A0C91BC942}") = "MEC3D", "MEC3D\MEC3D.vcxproj", "{71C1D399-4882-4AA6-9093-977BF1F09360}"
EndProject
Global
	GlobalSection(SolutionConfigurationPlatforms) = preSolution
		Debug|x64 = Debug|x64
		Debug|x86 = Debug|x86
		Release|x64 = Release|x64
		Release|x86 = Release|x86
	EndGlobalSection
	GlobalSection(ProjectConfigurationPlatforms) = postSolution
		{71C1D399-4882-4AA6-9093-977BF1F09360}.Debug|x64.ActiveCfg = Debug|x64
		{71C1D399-4882-4AA6-9093-977BF1F09360}.Debug|x64.Build.0 = Debug|x64
		{71C1D399-4882-4AA6-9093-977BF1F09360}.Debug|x86.ActiveCfg = Debug|Win32
		{71C1D399-4882-4AA6-9093-977BF1F09360}.Debug|x86.Build.0 = Debug|Win32
		{71C1D399-4882-4AA6-9093-977BF1F09360}.Release|x64.ActiveCfg = Release|x64
		{71C1D399-4882-4AA6-9093-977BF1F09360}.Release|x64.Build.0 = Release|x64
		{71C1D399-4882-4AA6-9093-977BF1F09360}.Release|x86.ActiveCfg = Release|Win32
		{71C1D399-4882-4AA6-9093-977BF1F09360}.Release|x86.Build.0 = Release|Win32
	EndGlobalSection
	GlobalSection(SolutionProperties) = preSolution
		HideSolutionNode = FALSE
	EndGlobalSection
	GlobalSection(ExtensibilityGlobals) = postSolution
		SolutionGuid = {D774302F-82A7-4549-98D4-33BF72215F8C}
	EndGlobalSection
EndGlobal
